// !$*UTF8*$!
{
	archiveVersion = 1;
	classes = {
	};
	objectVersion = 46;
	objects = {

/* Begin PBXBuildFile section */
		96A210C21AFD185600038166 /* main.m in Sources */ = {isa = PBXBuildFile; fileRef = 96A210C11AFD185600038166 /* main.m */; };
		96A210C51AFD185600038166 /* AppDelegate.m in Sources */ = {isa = PBXBuildFile; fileRef = 96A210C41AFD185600038166 /* AppDelegate.m */; };
		96A210C81AFD185600038166 /* ViewController.m in Sources */ = {isa = PBXBuildFile; fileRef = 96A210C71AFD185600038166 /* ViewController.m */; };
		96A210CB1AFD185600038166 /* Main.storyboard in Resources */ = {isa = PBXBuildFile; fileRef = 96A210C91AFD185600038166 /* Main.storyboard */; };
		96A210CD1AFD185600038166 /* Images.xcassets in Resources */ = {isa = PBXBuildFile; fileRef = 96A210CC1AFD185600038166 /* Images.xcassets */; };
		96A210D01AFD185600038166 /* LaunchScreen.xib in Resources */ = {isa = PBXBuildFile; fileRef = 96A210CE1AFD185600038166 /* LaunchScreen.xib */; };
		96A210DC1AFD185600038166 /* Teacher2HomeTests.m in Sources */ = {isa = PBXBuildFile; fileRef = 96A210DB1AFD185600038166 /* Teacher2HomeTests.m */; };
/* End PBXBuildFile section */

/* Begin PBXContainerItemProxy section */
		96A210D61AFD185600038166 /* PBXContainerItemProxy */ = {
			isa = PBXContainerItemProxy;
			containerPortal = 96A210B41AFD185600038166 /* Project object */;
			proxyType = 1;
			remoteGlobalIDString = 96A210BB1AFD185600038166;
			remoteInfo = Teacher2Home;
		};
/* End PBXContainerItemProxy section */

/* Begin PBXFileReference section */
		96A210BC1AFD185600038166 /* Teacher2Home.app */ = {isa = PBXFileReference; explicitFileType = wrapper.application; includeInIndex = 0; path = Teacher2Home.app; sourceTree = BUILT_PRODUCTS_DIR; };
		96A210C01AFD185600038166 /* Info.plist */ = {isa = PBXFileReference; lastKnownFileType = text.plist.xml; path = Info.plist; sourceTree = "<group>"; };
		96A210C11AFD185600038166 /* main.m */ = {isa = PBXFileReference; lastKnownFileType = sourcecode.c.objc; path = main.m; sourceTree = "<group>"; };
		96A210C31AFD185600038166 /* AppDelegate.h */ = {isa = PBXFileReference; lastKnownFileType = sourcecode.c.h; path = AppDelegate.h; sourceTree = "<group>"; };
		96A210C41AFD185600038166 /* AppDelegate.m */ = {isa = PBXFileReference; lastKnownFileType = sourcecode.c.objc; path = AppDelegate.m; sourceTree = "<group>"; };
		96A210C61AFD185600038166 /* ViewController.h */ = {isa = PBXFileReference; lastKnownFileType = sourcecode.c.h; path = ViewController.h; sourceTree = "<group>"; };
		96A210C71AFD185600038166 /* ViewController.m */ = {isa = PBXFileReference; lastKnownFileType = sourcecode.c.objc; path = ViewController.m; sourceTree = "<group>"; };
		96A210CA1AFD185600038166 /* Base */ = {isa = PBXFileReference; lastKnownFileType = file.storyboard; name = Base; path = Base.lproj/Main.storyboard; sourceTree = "<group>"; };
		96A210CC1AFD185600038166 /* Images.xcassets */ = {isa = PBXFileReference; lastKnownFileType = folder.assetcatalog; path = Images.xcassets; sourceTree = "<group>"; };
		96A210CF1AFD185600038166 /* Base */ = {isa = PBXFileReference; lastKnownFileType = file.xib; name = Base; path = Base.lproj/LaunchScreen.xib; sourceTree = "<group>"; };
		96A210D51AFD185600038166 /* Teacher2HomeTests.xctest */ = {isa = PBXFileReference; explicitFileType = wrapper.cfbundle; includeInIndex = 0; path = Teacher2HomeTests.xctest; sourceTree = BUILT_PRODUCTS_DIR; };
		96A210DA1AFD185600038166 /* Info.plist */ = {isa = PBXFileReference; lastKnownFileType = text.plist.xml; path = Info.plist; sourceTree = "<group>"; };
		96A210DB1AFD185600038166 /* Teacher2HomeTests.m */ = {isa = PBXFileReference; lastKnownFileType = sourcecode.c.objc; path = Teacher2HomeTests.m; sourceTree = "<group>"; };
/* End PBXFileReference section */

/* Begin PBXFrameworksBuildPhase section */
		96A210B91AFD185600038166 /* Frameworks */ = {
			isa = PBXFrameworksBuildPhase;
			buildActionMask = 2147483647;
			files = (
			);
			runOnlyForDeploymentPostprocessing = 0;
		};
		96A210D21AFD185600038166 /* Frameworks */ = {
			isa = PBXFrameworksBuildPhase;
			buildActionMask = 2147483647;
			files = (
			);
			runOnlyForDeploymentPostprocessing = 0;
		};
/* End PBXFrameworksBuildPhase section */

/* Begin PBXGroup section */
		96A210B31AFD185600038166 = {
			isa = PBXGroup;
			children = (
				96A210BE1AFD185600038166 /* Teacher2Home */,
				96A210D81AFD185600038166 /* Teacher2HomeTests */,
				96A210BD1AFD185600038166 /* Products */,
			);
			sourceTree = "<group>";
		};
		96A210BD1AFD185600038166 /* Products */ = {
			isa = PBXGroup;
			children = (
				96A210BC1AFD185600038166 /* Teacher2Home.app */,
				96A210D51AFD185600038166 /* Teacher2HomeTests.xctest */,
			);
			name = Products;
			sourceTree = "<group>";
		};
		96A210BE1AFD185600038166 /* Teacher2Home */ = {
			isa = PBXGroup;
			children = (
				96A210C31AFD185600038166 /* AppDelegate.h */,
				96A210C41AFD185600038166 /* AppDelegate.m */,
				96A210C61AFD185600038166 /* ViewController.h */,
				96A210C71AFD185600038166 /* ViewController.m */,
				96A210C91AFD185600038166 /* Main.storyboard */,
				96A210CC1AFD185600038166 /* Images.xcassets */,
				96A210CE1AFD185600038166 /* LaunchScreen.xib */,
				96A210BF1AFD185600038166 /* Supporting Files */,
			);
			path = Teacher2Home;
			sourceTree = "<group>";
		};
		96A210BF1AFD185600038166 /* Supporting Files */ = {
			isa = PBXGroup;
			children = (
				96A210C01AFD185600038166 /* Info.plist */,
				96A210C11AFD185600038166 /* main.m */,
			);
			name = "Supporting Files";
			sourceTree = "<group>";
		};
		96A210D81AFD185600038166 /* Teacher2HomeTests */ = {
			isa = PBXGroup;
			children = (
				96A210DB1AFD185600038166 /* Teacher2HomeTests.m */,
				96A210D91AFD185600038166 /* Supporting Files */,
			);
			path = Teacher2HomeTests;
			sourceTree = "<group>";
		};
		96A210D91AFD185600038166 /* Supporting Files */ = {
			isa = PBXGroup;
			children = (
				96A210DA1AFD185600038166 /* Info.plist */,
			);
			name = "Supporting Files";
			sourceTree = "<group>";
		};
/* End PBXGroup section */

/* Begin PBXNativeTarget section */
		96A210BB1AFD185600038166 /* Teacher2Home */ = {
			isa = PBXNativeTarget;
			buildConfigurationList = 96A210DF1AFD185600038166 /* Build configuration list for PBXNativeTarget "Teacher2Home" */;
			buildPhases = (
				96A210B81AFD185600038166 /* Sources */,
				96A210B91AFD185600038166 /* Frameworks */,
				96A210BA1AFD185600038166 /* Resources */,
			);
			buildRules = (
			);
			dependencies = (
			);
			name = Teacher2Home;
			productName = Teacher2Home;
			productReference = 96A210BC1AFD185600038166 /* Teacher2Home.app */;
			productType = "com.apple.product-type.application";
		};
		96A210D41AFD185600038166 /* Teacher2HomeTests */ = {
			isa = PBXNativeTarget;
			buildConfigurationList = 96A210E21AFD185600038166 /* Build configuration list for PBXNativeTarget "Teacher2HomeTests" */;
			buildPhases = (
				96A210D11AFD185600038166 /* Sources */,
				96A210D21AFD185600038166 /* Frameworks */,
				96A210D31AFD185600038166 /* Resources */,
			);
			buildRules = (
			);
			dependencies = (
				96A210D71AFD185600038166 /* PBXTargetDependency */,
			);
			name = Teacher2HomeTests;
			productName = Teacher2HomeTests;
			productReference = 96A210D51AFD185600038166 /* Teacher2HomeTests.xctest */;
			productType = "com.apple.product-type.bundle.unit-test";
		};
/* End PBXNativeTarget section */

/* Begin PBXProject section */
		96A210B41AFD185600038166 /* Project object */ = {
			isa = PBXProject;
			attributes = {
				LastUpgradeCheck = 0630;
				ORGANIZATIONNAME = "Luis Soler";
				TargetAttributes = {
					96A210BB1AFD185600038166 = {
						CreatedOnToolsVersion = 6.3.1;
					};
					96A210D41AFD185600038166 = {
						CreatedOnToolsVersion = 6.3.1;
						TestTargetID = 96A210BB1AFD185600038166;
					};
				};
			};
			buildConfigurationList = 96A210B71AFD185600038166 /* Build configuration list for PBXProject "Teacher2Home" */;
			compatibilityVersion = "Xcode 3.2";
			developmentRegion = English;
			hasScannedForEncodings = 0;
			knownRegions = (
				en,
				Base,
			);
			mainGroup = 96A210B31AFD185600038166;
			productRefGroup = 96A210BD1AFD185600038166 /* Products */;
			projectDirPath = "";
			projectRoot = "";
			targets = (
				96A210BB1AFD185600038166 /* Teacher2Home */,
				96A210D41AFD185600038166 /* Teacher2HomeTests */,
			);
		};
/* End PBXProject section */

/* Begin PBXResourcesBuildPhase section */
		96A210BA1AFD185600038166 /* Resources */ = {
			isa = PBXResourcesBuildPhase;
			buildActionMask = 2147483647;
			files = (
				96A210CB1AFD185600038166 /* Main.storyboard in Resources */,
				96A210D01AFD185600038166 /* LaunchScreen.xib in Resources */,
				96A210CD1AFD185600038166 /* Images.xcassets in Resources */,
			);
			runOnlyForDeploymentPostprocessing = 0;
		};
		96A210D31AFD185600038166 /* Resources */ = {
			isa = PBXResourcesBuildPhase;
			buildActionMask = 2147483647;
			files = (
			);
			runOnlyForDeploymentPostprocessing = 0;
		};
/* End PBXResourcesBuildPhase section */

/* Begin PBXSourcesBuildPhase section */
		96A210B81AFD185600038166 /* Sources */ = {
			isa = PBXSourcesBuildPhase;
			buildActionMask = 2147483647;
			files = (
				96A210C81AFD185600038166 /* ViewController.m in Sources */,
				96A210C51AFD185600038166 /* AppDelegate.m in Sources */,
				96A210C21AFD185600038166 /* main.m in Sources */,
			);
			runOnlyForDeploymentPostprocessing = 0;
		};
		96A210D11AFD185600038166 /* Sources */ = {
			isa = PBXSourcesBuildPhase;
			buildActionMask = 2147483647;
			files = (
				96A210DC1AFD185600038166 /* Teacher2HomeTests.m in Sources */,
			);
			runOnlyForDeploymentPostprocessing = 0;
		};
/* End PBXSourcesBuildPhase section */

/* Begin PBXTargetDependency section */
		96A210D71AFD185600038166 /* PBXTargetDependency */ = {
			isa = PBXTargetDependency;
			target = 96A210BB1AFD185600038166 /* Teacher2Home */;
			targetProxy = 96A210D61AFD185600038166 /* PBXContainerItemProxy */;
		};
/* End PBXTargetDependency section */

/* Begin PBXVariantGroup section */
		96A210C91AFD185600038166 /* Main.storyboard */ = {
			isa = PBXVariantGroup;
			children = (
				96A210CA1AFD185600038166 /* Base */,
			);
			name = Main.storyboard;
			sourceTree = "<group>";
		};
		96A210CE1AFD185600038166 /* LaunchScreen.xib */ = {
			isa = PBXVariantGroup;
			children = (
				96A210CF1AFD185600038166 /* Base */,
			);
			name = LaunchScreen.xib;
			sourceTree = "<group>";
		};
/* End PBXVariantGroup section */

/* Begin XCBuildConfiguration section */
		96A210DD1AFD185600038166 /* Debug */ = {
			isa = XCBuildConfiguration;
			buildSettings = {
				ALWAYS_SEARCH_USER_PATHS = NO;
				CLANG_CXX_LANGUAGE_STANDARD = "gnu++0x";
				CLANG_CXX_LIBRARY = "libc++";
				CLANG_ENABLE_MODULES = YES;
				CLANG_ENABLE_OBJC_ARC = YES;
				CLANG_WARN_BOOL_CONVERSION = YES;
				CLANG_WARN_CONSTANT_CONVERSION = YES;
				CLANG_WARN_DIRECT_OBJC_ISA_USAGE = YES_ERROR;
				CLANG_WARN_EMPTY_BODY = YES;
				CLANG_WARN_ENUM_CONVERSION = YES;
				CLANG_WARN_INT_CONVERSION = YES;
				CLANG_WARN_OBJC_ROOT_CLASS = YES_ERROR;
				CLANG_WARN_UNREACHABLE_CODE = YES;
				CLANG_WARN__DUPLICATE_METHOD_MATCH = YES;
				"CODE_SIGN_IDENTITY[sdk=iphoneos*]" = "iPhone Developer";
				COPY_PHASE_STRIP = NO;
				DEBUG_INFORMATION_FORMAT = "dwarf-with-dsym";
				ENABLE_STRICT_OBJC_MSGSEND = YES;
				GCC_C_LANGUAGE_STANDARD = gnu99;
				GCC_DYNAMIC_NO_PIC = NO;
				GCC_NO_COMMON_BLOCKS = YES;
				GCC_OPTIMIZATION_LEVEL = 0;
				GCC_PREPROCESSOR_DEFINITIONS = (
					"DEBUG=1",
					"$(inherited)",
				);
				GCC_SYMBOLS_PRIVATE_EXTERN = NO;
				GCC_WARN_64_TO_32_BIT_CONVERSION = YES;
				GCC_WARN_ABOUT_RETURN_TYPE = YES_ERROR;
				GCC_WARN_UNDECLARED_SELECTOR = YES;
				GCC_WARN_UNINITIALIZED_AUTOS = YES_AGGRESSIVE;
				GCC_WARN_UNUSED_FUNCTION = YES;
				GCC_WARN_UNUSED_VARIABLE = YES;
				IPHONEOS_DEPLOYMENT_TARGET = 8.3;
				MTL_ENABLE_DEBUG_INFO = YES;
				ONLY_ACTIVE_ARCH = YES;
				SDKROOT = iphoneos;
			};
			name = Debug;
		};
		96A210DE1AFD185600038166 /* Release */ = {
			isa = XCBuildConfiguration;
			buildSettings = {
				ALWAYS_SEARCH_USER_PATHS = NO;
				CLANG_CXX_LANGUAGE_STANDARD = "gnu++0x";
				CLANG_CXX_LIBRARY = "libc++";
				CLANG_ENABLE_MODULES = YES;
				CLANG_ENABLE_OBJC_ARC = YES;
				CLANG_WARN_BOOL_CONVERSION = YES;
				CLANG_WARN_CONSTANT_CONVERSION = YES;
				CLANG_WARN_DIRECT_OBJC_ISA_USAGE = YES_ERROR;
				CLANG_WARN_EMPTY_BODY = YES;
				CLANG_WARN_ENUM_CONVERSION = YES;
				CLANG_WARN_INT_CONVERSION = YES;
				CLANG_WARN_OBJC_ROOT_CLASS = YES_ERROR;
				CLANG_WARN_UNREACHABLE_CODE = YES;
				CLANG_WARN__DUPLICATE_METHOD_MATCH = YES;
				"CODE_SIGN_IDENTITY[sdk=iphoneos*]" = "iPhone Developer";
				COPY_PHASE_STRIP = NO;
				DEBUG_INFORMATION_FORMAT = "dwarf-with-dsym";
				ENABLE_NS_ASSERTIONS = NO;
				ENABLE_STRICT_OBJC_MSGSEND = YES;
				GCC_C_LANGUAGE_STANDARD = gnu99;
				GCC_NO_COMMON_BLOCKS = YES;
				GCC_WARN_64_TO_32_BIT_CONVERSION = YES;
				GCC_WARN_ABOUT_RETURN_TYPE = YES_ERROR;
				GCC_WARN_UNDECLARED_SELECTOR = YES;
				GCC_WARN_UNINITIALIZED_AUTOS = YES_AGGRESSIVE;
				GCC_WARN_UNUSED_FUNCTION = YES;
				GCC_WARN_UNUSED_VARIABLE = YES;
				IPHONEOS_DEPLOYMENT_TARGET = 8.3;
				MTL_ENABLE_DEBUG_INFO = NO;
				SDKROOT = iphoneos;
				VALIDATE_PRODUCT = YES;
			};
			name = Release;
		};
		96A210E01AFD185600038166 /* Debug */ = {
			isa = XCBuildConfiguration;
			buildSettings = {
				ASSETCATALOG_COMPILER_APPICON_NAME = AppIcon;
				INFOPLIST_FILE = Teacher2Home/Info.plist;
				LD_RUNPATH_SEARCH_PATHS = "$(inherited) @executable_path/Frameworks";
				PRODUCT_NAME = "$(TARGET_NAME)";
			};
			name = Debug;
		};
		96A210E11AFD185600038166 /* Release */ = {
			isa = XCBuildConfiguration;
			buildSettings = {
				ASSETCATALOG_COMPILER_APPICON_NAME = AppIcon;
				INFOPLIST_FILE = Teacher2Home/Info.plist;
				LD_RUNPATH_SEARCH_PATHS = "$(inherited) @executable_path/Frameworks";
				PRODUCT_NAME = "$(TARGET_NAME)";
			};
			name = Release;
		};
		96A210E31AFD185600038166 /* Debug */ = {
			isa = XCBuildConfiguration;
			buildSettings = {
				BUNDLE_LOADER = "$(TEST_HOST)";
				FRAMEWORK_SEARCH_PATHS = (
					"$(SDKROOT)/Developer/Library/Frameworks",
					"$(inherited)",
				);
				GCC_PREPROCESSOR_DEFINITIONS = (
					"DEBUG=1",
					"$(inherited)",
				);
				INFOPLIST_FILE = Teacher2HomeTests/Info.plist;
				LD_RUNPATH_SEARCH_PATHS = "$(inherited) @executable_path/Frameworks @loader_path/Frameworks";
				PRODUCT_NAME = "$(TARGET_NAME)";
				TEST_HOST = "$(BUILT_PRODUCTS_DIR)/Teacher2Home.app/Teacher2Home";
			};
			name = Debug;
		};
		96A210E41AFD185600038166 /* Release */ = {
			isa = XCBuildConfiguration;
			buildSettings = {
				BUNDLE_LOADER = "$(TEST_HOST)";
				FRAMEWORK_SEARCH_PATHS = (
					"$(SDKROOT)/Developer/Library/Frameworks",
					"$(inherited)",
				);
				INFOPLIST_FILE = Teacher2HomeTests/Info.plist;
				LD_RUNPATH_SEARCH_PATHS = "$(inherited) @executable_path/Frameworks @loader_path/Frameworks";
				PRODUCT_NAME = "$(TARGET_NAME)";
				TEST_HOST = "$(BUILT_PRODUCTS_DIR)/Teacher2Home.app/Teacher2Home";
			};
			name = Release;
		};
/* End XCBuildConfiguration section */

/* Begin XCConfigurationList section */
		96A210B71AFD185600038166 /* Build configuration list for PBXProject "Teacher2Home" */ = {
			isa = XCConfigurationList;
			buildConfigurations = (
				96A210DD1AFD185600038166 /* Debug */,
				96A210DE1AFD185600038166 /* Release */,
			);
			defaultConfigurationIsVisible = 0;
			defaultConfigurationName = Release;
		};
		96A210DF1AFD185600038166 /* Build configuration list for PBXNativeTarget "Teacher2Home" */ = {
			isa = XCConfigurationList;
			buildConfigurations = (
				96A210E01AFD185600038166 /* Debug */,
				96A210E11AFD185600038166 /* Release */,
			);
			defaultConfigurationIsVisible = 0;
		};
		96A210E21AFD185600038166 /* Build configuration list for PBXNativeTarget "Teacher2HomeTests" */ = {
			isa = XCConfigurationList;
			buildConfigurations = (
				96A210E31AFD185600038166 /* Debug */,
				96A210E41AFD185600038166 /* Release */,
			);
			defaultConfigurationIsVisible = 0;
		};
/* End XCConfigurationList section */
	};
	rootObject = 96A210B41AFD185600038166 /* Project object */;
}
